// !$*UTF8*$!
{
	archiveVersion = 1;
	classes = {
	};
	objectVersion = 50;
	objects = {

/* Begin PBXBuildFile section */
		FA28FE9C238655CA0050A0DC /* AppDelegate.swift in Sources */ = {isa = PBXBuildFile; fileRef = FA28FE9B238655CA0050A0DC /* AppDelegate.swift */; };
		FA28FE9E238655CA0050A0DC /* SceneDelegate.swift in Sources */ = {isa = PBXBuildFile; fileRef = FA28FE9D238655CA0050A0DC /* SceneDelegate.swift */; };
		FA28FEA3238655CA0050A0DC /* Main.storyboard in Resources */ = {isa = PBXBuildFile; fileRef = FA28FEA1238655CA0050A0DC /* Main.storyboard */; };
		FA28FEA5238655CB0050A0DC /* Assets.xcassets in Resources */ = {isa = PBXBuildFile; fileRef = FA28FEA4238655CB0050A0DC /* Assets.xcassets */; };
		FA28FEA8238655CB0050A0DC /* LaunchScreen.storyboard in Resources */ = {isa = PBXBuildFile; fileRef = FA28FEA6238655CB0050A0DC /* LaunchScreen.storyboard */; };
		FA28FEB123865F570050A0DC /* SuggestionsTableViewCell.swift in Sources */ = {isa = PBXBuildFile; fileRef = FA28FEAF23865F570050A0DC /* SuggestionsTableViewCell.swift */; };
		FA5E6EAC238CBC28006BE5A1 /* InviteAFewFriendsTableViewCell.swift in Sources */ = {isa = PBXBuildFile; fileRef = FA5E6EAA238CBC28006BE5A1 /* InviteAFewFriendsTableViewCell.swift */; };
		FA5E6EAD238CBC28006BE5A1 /* InviteAFewFriendsTableViewCell.xib in Resources */ = {isa = PBXBuildFile; fileRef = FA5E6EAB238CBC28006BE5A1 /* InviteAFewFriendsTableViewCell.xib */; };
		FA7DD79D238844DD00E6268A /* ContactsController.swift in Sources */ = {isa = PBXBuildFile; fileRef = FA7DD79C238844DD00E6268A /* ContactsController.swift */; };
		FA7DD79F238844EA00E6268A /* Contacts.swift in Sources */ = {isa = PBXBuildFile; fileRef = FA7DD79E238844EA00E6268A /* Contacts.swift */; };
		FA7DD7A32388476200E6268A /* SuggestionsTableViewCell.xib in Resources */ = {isa = PBXBuildFile; fileRef = FA7DD7A22388476200E6268A /* SuggestionsTableViewCell.xib */; };
		FAA503632388739A00BE4958 /* MainTestTableViewController.swift in Sources */ = {isa = PBXBuildFile; fileRef = FAA503622388739A00BE4958 /* MainTestTableViewController.swift */; };
		FAA50366238884B400BE4958 /* InsertionTableViewCell.swift in Sources */ = {isa = PBXBuildFile; fileRef = FAA50364238884B400BE4958 /* InsertionTableViewCell.swift */; };
		FAA50367238884B400BE4958 /* InsertionTableViewCell.xib in Resources */ = {isa = PBXBuildFile; fileRef = FAA50365238884B400BE4958 /* InsertionTableViewCell.xib */; };
		FAF71A6D2388C4D500B24AC0 /* Feed.swift in Sources */ = {isa = PBXBuildFile; fileRef = FAF71A6C2388C4D500B24AC0 /* Feed.swift */; };
/* End PBXBuildFile section */

/* Begin PBXFileReference section */
		FA28FE98238655CA0050A0DC /* FriendSuggestions.app */ = {isa = PBXFileReference; explicitFileType = wrapper.application; includeInIndex = 0; path = FriendSuggestions.app; sourceTree = BUILT_PRODUCTS_DIR; };
		FA28FE9B238655CA0050A0DC /* AppDelegate.swift */ = {isa = PBXFileReference; lastKnownFileType = sourcecode.swift; path = AppDelegate.swift; sourceTree = "<group>"; };
		FA28FE9D238655CA0050A0DC /* SceneDelegate.swift */ = {isa = PBXFileReference; lastKnownFileType = sourcecode.swift; path = SceneDelegate.swift; sourceTree = "<group>"; };
		FA28FEA2238655CA0050A0DC /* Base */ = {isa = PBXFileReference; lastKnownFileType = file.storyboard; name = Base; path = Base.lproj/Main.storyboard; sourceTree = "<group>"; };
		FA28FEA4238655CB0050A0DC /* Assets.xcassets */ = {isa = PBXFileReference; lastKnownFileType = folder.assetcatalog; path = Assets.xcassets; sourceTree = "<group>"; };
		FA28FEA7238655CB0050A0DC /* Base */ = {isa = PBXFileReference; lastKnownFileType = file.storyboard; name = Base; path = Base.lproj/LaunchScreen.storyboard; sourceTree = "<group>"; };
		FA28FEA9238655CB0050A0DC /* Info.plist */ = {isa = PBXFileReference; lastKnownFileType = text.plist.xml; path = Info.plist; sourceTree = "<group>"; };
		FA28FEAF23865F570050A0DC /* SuggestionsTableViewCell.swift */ = {isa = PBXFileReference; lastKnownFileType = sourcecode.swift; path = SuggestionsTableViewCell.swift; sourceTree = "<group>"; };
		FA5E6EAA238CBC28006BE5A1 /* InviteAFewFriendsTableViewCell.swift */ = {isa = PBXFileReference; lastKnownFileType = sourcecode.swift; path = InviteAFewFriendsTableViewCell.swift; sourceTree = "<group>"; };
		FA5E6EAB238CBC28006BE5A1 /* InviteAFewFriendsTableViewCell.xib */ = {isa = PBXFileReference; lastKnownFileType = file.xib; path = InviteAFewFriendsTableViewCell.xib; sourceTree = "<group>"; };
		FA7DD79C238844DD00E6268A /* ContactsController.swift */ = {isa = PBXFileReference; lastKnownFileType = sourcecode.swift; path = ContactsController.swift; sourceTree = "<group>"; };
		FA7DD79E238844EA00E6268A /* Contacts.swift */ = {isa = PBXFileReference; lastKnownFileType = sourcecode.swift; path = Contacts.swift; sourceTree = "<group>"; };
		FA7DD7A22388476200E6268A /* SuggestionsTableViewCell.xib */ = {isa = PBXFileReference; fileEncoding = 4; lastKnownFileType = file.xib; path = SuggestionsTableViewCell.xib; sourceTree = "<group>"; };
		FAA503622388739A00BE4958 /* MainTestTableViewController.swift */ = {isa = PBXFileReference; lastKnownFileType = sourcecode.swift; path = MainTestTableViewController.swift; sourceTree = "<group>"; };
		FAA50364238884B400BE4958 /* InsertionTableViewCell.swift */ = {isa = PBXFileReference; lastKnownFileType = sourcecode.swift; path = InsertionTableViewCell.swift; sourceTree = "<group>"; };
		FAA50365238884B400BE4958 /* InsertionTableViewCell.xib */ = {isa = PBXFileReference; lastKnownFileType = file.xib; path = InsertionTableViewCell.xib; sourceTree = "<group>"; };
		FAF71A6C2388C4D500B24AC0 /* Feed.swift */ = {isa = PBXFileReference; lastKnownFileType = sourcecode.swift; path = Feed.swift; sourceTree = "<group>"; };
/* End PBXFileReference section */

/* Begin PBXFrameworksBuildPhase section */
		FA28FE95238655CA0050A0DC /* Frameworks */ = {
			isa = PBXFrameworksBuildPhase;
			buildActionMask = 2147483647;
			files = (
			);
			runOnlyForDeploymentPostprocessing = 0;
		};
/* End PBXFrameworksBuildPhase section */

/* Begin PBXGroup section */
		FA28FE8F238655CA0050A0DC = {
			isa = PBXGroup;
			children = (
				FA28FE9A238655CA0050A0DC /* FriendSuggestions */,
				FA28FE99238655CA0050A0DC /* Products */,
			);
			sourceTree = "<group>";
		};
		FA28FE99238655CA0050A0DC /* Products */ = {
			isa = PBXGroup;
			children = (
				FA28FE98238655CA0050A0DC /* FriendSuggestions.app */,
			);
			name = Products;
			sourceTree = "<group>";
		};
		FA28FE9A238655CA0050A0DC /* FriendSuggestions */ = {
			isa = PBXGroup;
			children = (
				FA28FE9B238655CA0050A0DC /* AppDelegate.swift */,
				FA28FE9D238655CA0050A0DC /* SceneDelegate.swift */,
				FA7DD7A02388450700E6268A /* Models */,
				FA7DD7A12388468000E6268A /* Controllers */,
				FA7DD7A42388619700E6268A /* View Controllers */,
				FA28FEB323865F5E0050A0DC /* Views */,
				FA28FEA1238655CA0050A0DC /* Main.storyboard */,
				FA28FEA4238655CB0050A0DC /* Assets.xcassets */,
				FA28FEA6238655CB0050A0DC /* LaunchScreen.storyboard */,
				FA28FEA9238655CB0050A0DC /* Info.plist */,
			);
			path = FriendSuggestions;
			sourceTree = "<group>";
		};
		FA28FEB323865F5E0050A0DC /* Views */ = {
			isa = PBXGroup;
			children = (
				FAA50365238884B400BE4958 /* InsertionTableViewCell.xib */,
				FAA50364238884B400BE4958 /* InsertionTableViewCell.swift */,
				FA5E6EAB238CBC28006BE5A1 /* InviteAFewFriendsTableViewCell.xib */,
				FA5E6EAA238CBC28006BE5A1 /* InviteAFewFriendsTableViewCell.swift */,
				FA7DD7A22388476200E6268A /* SuggestionsTableViewCell.xib */,
				FA28FEAF23865F570050A0DC /* SuggestionsTableViewCell.swift */,
			);
			path = Views;
			sourceTree = "<group>";
		};
		FA7DD7A02388450700E6268A /* Models */ = {
			isa = PBXGroup;
			children = (
				FA7DD79E238844EA00E6268A /* Contacts.swift */,
				FAF71A6C2388C4D500B24AC0 /* Feed.swift */,
			);
			path = Models;
			sourceTree = "<group>";
		};
		FA7DD7A12388468000E6268A /* Controllers */ = {
			isa = PBXGroup;
			children = (
				FA7DD79C238844DD00E6268A /* ContactsController.swift */,
			);
			path = Controllers;
			sourceTree = "<group>";
		};
		FA7DD7A42388619700E6268A /* View Controllers */ = {
			isa = PBXGroup;
			children = (
				FAA503622388739A00BE4958 /* MainTestTableViewController.swift */,
			);
			path = "View Controllers";
			sourceTree = "<group>";
		};
/* End PBXGroup section */

/* Begin PBXNativeTarget section */
		FA28FE97238655CA0050A0DC /* FriendSuggestions */ = {
			isa = PBXNativeTarget;
			buildConfigurationList = FA28FEAC238655CB0050A0DC /* Build configuration list for PBXNativeTarget "FriendSuggestions" */;
			buildPhases = (
				FA28FE94238655CA0050A0DC /* Sources */,
				FA28FE95238655CA0050A0DC /* Frameworks */,
				FA28FE96238655CA0050A0DC /* Resources */,
			);
			buildRules = (
			);
			dependencies = (
			);
			name = FriendSuggestions;
			productName = FriendSuggestions;
			productReference = FA28FE98238655CA0050A0DC /* FriendSuggestions.app */;
			productType = "com.apple.product-type.application";
		};
/* End PBXNativeTarget section */

/* Begin PBXProject section */
		FA28FE90238655CA0050A0DC /* Project object */ = {
			isa = PBXProject;
			attributes = {
				LastSwiftUpdateCheck = 1120;
				LastUpgradeCheck = 1120;
				ORGANIZATIONNAME = Alex;
				TargetAttributes = {
					FA28FE97238655CA0050A0DC = {
						CreatedOnToolsVersion = 11.2.1;
					};
				};
			};
			buildConfigurationList = FA28FE93238655CA0050A0DC /* Build configuration list for PBXProject "FriendSuggestions" */;
			compatibilityVersion = "Xcode 9.3";
			developmentRegion = en;
			hasScannedForEncodings = 0;
			knownRegions = (
				en,
				Base,
			);
			mainGroup = FA28FE8F238655CA0050A0DC;
			productRefGroup = FA28FE99238655CA0050A0DC /* Products */;
			projectDirPath = "";
			projectRoot = "";
			targets = (
				FA28FE97238655CA0050A0DC /* FriendSuggestions */,
			);
		};
/* End PBXProject section */

/* Begin PBXResourcesBuildPhase section */
		FA28FE96238655CA0050A0DC /* Resources */ = {
			isa = PBXResourcesBuildPhase;
			buildActionMask = 2147483647;
			files = (
				FAA50367238884B400BE4958 /* InsertionTableViewCell.xib in Resources */,
				FA28FEA8238655CB0050A0DC /* LaunchScreen.storyboard in Resources */,
				FA28FEA5238655CB0050A0DC /* Assets.xcassets in Resources */,
				FA5E6EAD238CBC28006BE5A1 /* InviteAFewFriendsTableViewCell.xib in Resources */,
				FA7DD7A32388476200E6268A /* SuggestionsTableViewCell.xib in Resources */,
				FA28FEA3238655CA0050A0DC /* Main.storyboard in Resources */,
			);
			runOnlyForDeploymentPostprocessing = 0;
		};
/* End PBXResourcesBuildPhase section */

/* Begin PBXSourcesBuildPhase section */
		FA28FE94238655CA0050A0DC /* Sources */ = {
			isa = PBXSourcesBuildPhase;
			buildActionMask = 2147483647;
			files = (
				FAA503632388739A00BE4958 /* MainTestTableViewController.swift in Sources */,
				FAF71A6D2388C4D500B24AC0 /* Feed.swift in Sources */,
				FA7DD79D238844DD00E6268A /* ContactsController.swift in Sources */,
				FA7DD79F238844EA00E6268A /* Contacts.swift in Sources */,
				FA28FE9C238655CA0050A0DC /* AppDelegate.swift in Sources */,
				FAA50366238884B400BE4958 /* InsertionTableViewCell.swift in Sources */,
				FA5E6EAC238CBC28006BE5A1 /* InviteAFewFriendsTableViewCell.swift in Sources */,
				FA28FE9E238655CA0050A0DC /* SceneDelegate.swift in Sources */,
				FA28FEB123865F570050A0DC /* SuggestionsTableViewCell.swift in Sources */,
			);
			runOnlyForDeploymentPostprocessing = 0;
		};
/* End PBXSourcesBuildPhase section */

/* Begin PBXVariantGroup section */
		FA28FEA1238655CA0050A0DC /* Main.storyboard */ = {
			isa = PBXVariantGroup;
			children = (
				FA28FEA2238655CA0050A0DC /* Base */,
			);
			name = Main.storyboard;
			sourceTree = "<group>";
		};
		FA28FEA6238655CB0050A0DC /* LaunchScreen.storyboard */ = {
			isa = PBXVariantGroup;
			children = (
				FA28FEA7238655CB0050A0DC /* Base */,
			);
			name = LaunchScreen.storyboard;
			sourceTree = "<group>";
		};
/* End PBXVariantGroup section */

/* Begin XCBuildConfiguration section */
		FA28FEAA238655CB0050A0DC /* Debug */ = {
			isa = XCBuildConfiguration;
			buildSettings = {
				ALWAYS_SEARCH_USER_PATHS = NO;
				CLANG_ANALYZER_NONNULL = YES;
				CLANG_ANALYZER_NUMBER_OBJECT_CONVERSION = YES_AGGRESSIVE;
				CLANG_CXX_LANGUAGE_STANDARD = "gnu++14";
				CLANG_CXX_LIBRARY = "libc++";
				CLANG_ENABLE_MODULES = YES;
				CLANG_ENABLE_OBJC_ARC = YES;
				CLANG_ENABLE_OBJC_WEAK = YES;
				CLANG_WARN_BLOCK_CAPTURE_AUTORELEASING = YES;
				CLANG_WARN_BOOL_CONVERSION = YES;
				CLANG_WARN_COMMA = YES;
				CLANG_WARN_CONSTANT_CONVERSION = YES;
				CLANG_WARN_DEPRECATED_OBJC_IMPLEMENTATIONS = YES;
				CLANG_WARN_DIRECT_OBJC_ISA_USAGE = YES_ERROR;
				CLANG_WARN_DOCUMENTATION_COMMENTS = YES;
				CLANG_WARN_EMPTY_BODY = YES;
				CLANG_WARN_ENUM_CONVERSION = YES;
				CLANG_WARN_INFINITE_RECURSION = YES;
				CLANG_WARN_INT_CONVERSION = YES;
				CLANG_WARN_NON_LITERAL_NULL_CONVERSION = YES;
				CLANG_WARN_OBJC_IMPLICIT_RETAIN_SELF = YES;
				CLANG_WARN_OBJC_LITERAL_CONVERSION = YES;
				CLANG_WARN_OBJC_ROOT_CLASS = YES_ERROR;
				CLANG_WARN_RANGE_LOOP_ANALYSIS = YES;
				CLANG_WARN_STRICT_PROTOTYPES = YES;
				CLANG_WARN_SUSPICIOUS_MOVE = YES;
				CLANG_WARN_UNGUARDED_AVAILABILITY = YES_AGGRESSIVE;
				CLANG_WARN_UNREACHABLE_CODE = YES;
				CLANG_WARN__DUPLICATE_METHOD_MATCH = YES;
				COPY_PHASE_STRIP = NO;
				DEBUG_INFORMATION_FORMAT = dwarf;
				ENABLE_STRICT_OBJC_MSGSEND = YES;
				ENABLE_TESTABILITY = YES;
				GCC_C_LANGUAGE_STANDARD = gnu11;
				GCC_DYNAMIC_NO_PIC = NO;
				GCC_NO_COMMON_BLOCKS = YES;
				GCC_OPTIMIZATION_LEVEL = 0;
				GCC_PREPROCESSOR_DEFINITIONS = (
					"DEBUG=1",
					"$(inherited)",
				);
				GCC_WARN_64_TO_32_BIT_CONVERSION = YES;
				GCC_WARN_ABOUT_RETURN_TYPE = YES_ERROR;
				GCC_WARN_UNDECLARED_SELECTOR = YES;
				GCC_WARN_UNINITIALIZED_AUTOS = YES_AGGRESSIVE;
				GCC_WARN_UNUSED_FUNCTION = YES;
				GCC_WARN_UNUSED_VARIABLE = YES;
				IPHONEOS_DEPLOYMENT_TARGET = 13.2;
				MTL_ENABLE_DEBUG_INFO = INCLUDE_SOURCE;
				MTL_FAST_MATH = YES;
				ONLY_ACTIVE_ARCH = YES;
				SDKROOT = iphoneos;
				SWIFT_ACTIVE_COMPILATION_CONDITIONS = DEBUG;
				SWIFT_OPTIMIZATION_LEVEL = "-Onone";
			};
			name = Debug;
		};
		FA28FEAB238655CB0050A0DC /* Release */ = {
			isa = XCBuildConfiguration;
			buildSettings = {
				ALWAYS_SEARCH_USER_PATHS = NO;
				CLANG_ANALYZER_NONNULL = YES;
				CLANG_ANALYZER_NUMBER_OBJECT_CONVERSION = YES_AGGRESSIVE;
				CLANG_CXX_LANGUAGE_STANDARD = "gnu++14";
				CLANG_CXX_LIBRARY = "libc++";
				CLANG_ENABLE_MODULES = YES;
				CLANG_ENABLE_OBJC_ARC = YES;
				CLANG_ENABLE_OBJC_WEAK = YES;
				CLANG_WARN_BLOCK_CAPTURE_AUTORELEASING = YES;
				CLANG_WARN_BOOL_CONVERSION = YES;
				CLANG_WARN_COMMA = YES;
				CLANG_WARN_CONSTANT_CONVERSION = YES;
				CLANG_WARN_DEPRECATED_OBJC_IMPLEMENTATIONS = YES;
				CLANG_WARN_DIRECT_OBJC_ISA_USAGE = YES_ERROR;
				CLANG_WARN_DOCUMENTATION_COMMENTS = YES;
				CLANG_WARN_EMPTY_BODY = YES;
				CLANG_WARN_ENUM_CONVERSION = YES;
				CLANG_WARN_INFINITE_RECURSION = YES;
				CLANG_WARN_INT_CONVERSION = YES;
				CLANG_WARN_NON_LITERAL_NULL_CONVERSION = YES;
				CLANG_WARN_OBJC_IMPLICIT_RETAIN_SELF = YES;
				CLANG_WARN_OBJC_LITERAL_CONVERSION = YES;
				CLANG_WARN_OBJC_ROOT_CLASS = YES_ERROR;
				CLANG_WARN_RANGE_LOOP_ANALYSIS = YES;
				CLANG_WARN_STRICT_PROTOTYPES = YES;
				CLANG_WARN_SUSPICIOUS_MOVE = YES;
				CLANG_WARN_UNGUARDED_AVAILABILITY = YES_AGGRESSIVE;
				CLANG_WARN_UNREACHABLE_CODE = YES;
				CLANG_WARN__DUPLICATE_METHOD_MATCH = YES;
				COPY_PHASE_STRIP = NO;
				DEBUG_INFORMATION_FORMAT = "dwarf-with-dsym";
				ENABLE_NS_ASSERTIONS = NO;
				ENABLE_STRICT_OBJC_MSGSEND = YES;
				GCC_C_LANGUAGE_STANDARD = gnu11;
				GCC_NO_COMMON_BLOCKS = YES;
				GCC_WARN_64_TO_32_BIT_CONVERSION = YES;
				GCC_WARN_ABOUT_RETURN_TYPE = YES_ERROR;
				GCC_WARN_UNDECLARED_SELECTOR = YES;
				GCC_WARN_UNINITIALIZED_AUTOS = YES_AGGRESSIVE;
				GCC_WARN_UNUSED_FUNCTION = YES;
				GCC_WARN_UNUSED_VARIABLE = YES;
				IPHONEOS_DEPLOYMENT_TARGET = 13.2;
				MTL_ENABLE_DEBUG_INFO = NO;
				MTL_FAST_MATH = YES;
				SDKROOT = iphoneos;
				SWIFT_COMPILATION_MODE = wholemodule;
				SWIFT_OPTIMIZATION_LEVEL = "-O";
				VALIDATE_PRODUCT = YES;
			};
			name = Release;
		};
		FA28FEAD238655CB0050A0DC /* Debug */ = {
			isa = XCBuildConfiguration;
			buildSettings = {
				ASSETCATALOG_COMPILER_APPICON_NAME = AppIcon;
				CODE_SIGN_STYLE = Automatic;
				DEVELOPMENT_TEAM = HQP2ZWNS2F;
				INFOPLIST_FILE = FriendSuggestions/Info.plist;
				LD_RUNPATH_SEARCH_PATHS = (
					"$(inherited)",
					"@executable_path/Frameworks",
				);
				PRODUCT_BUNDLE_IDENTIFIER = com.weekend.FriendSuggestions;
				PRODUCT_NAME = "$(TARGET_NAME)";
				SWIFT_VERSION = 5.0;
				TARGETED_DEVICE_FAMILY = "1,2";
			};
			name = Debug;
		};
		FA28FEAE238655CB0050A0DC /* Release */ = {
			isa = XCBuildConfiguration;
			buildSettings = {
				ASSETCATALOG_COMPILER_APPICON_NAME = AppIcon;
				CODE_SIGN_STYLE = Automatic;
				DEVELOPMENT_TEAM = HQP2ZWNS2F;
				INFOPLIST_FILE = FriendSuggestions/Info.plist;
				LD_RUNPATH_SEARCH_PATHS = (
					"$(inherited)",
					"@executable_path/Frameworks",
				);
				PRODUCT_BUNDLE_IDENTIFIER = com.weekend.FriendSuggestions;
				PRODUCT_NAME = "$(TARGET_NAME)";
				SWIFT_VERSION = 5.0;
				TARGETED_DEVICE_FAMILY = "1,2";
			};
			name = Release;
		};
/* End XCBuildConfiguration section */

/* Begin XCConfigurationList section */
		FA28FE93238655CA0050A0DC /* Build configuration list for PBXProject "FriendSuggestions" */ = {
			isa = XCConfigurationList;
			buildConfigurations = (
				FA28FEAA238655CB0050A0DC /* Debug */,
				FA28FEAB238655CB0050A0DC /* Release */,
			);
			defaultConfigurationIsVisible = 0;
			defaultConfigurationName = Release;
		};
		FA28FEAC238655CB0050A0DC /* Build configuration list for PBXNativeTarget "FriendSuggestions" */ = {
			isa = XCConfigurationList;
			buildConfigurations = (
				FA28FEAD238655CB0050A0DC /* Debug */,
				FA28FEAE238655CB0050A0DC /* Release */,
			);
			defaultConfigurationIsVisible = 0;
			defaultConfigurationName = Release;
		};
/* End XCConfigurationList section */
	};
	rootObject = FA28FE90238655CA0050A0DC /* Project object */;
}
